
Microsoft Visual Studio Solution File, Format Version 12.00
# Visual Studio Version 16
VisualStudioVersion = 16.0.31313.79
MinimumVisualStudioVersion = 10.0.40219.1
Project("{9A19103F-16F7-4668-BE54-9A1E7A4F7556}") = "PnPManager.Essentials", "PnPManager.Essentials\PnPManager.Essentials.csproj", "{A54F4F67-0E88-43D9-B5F8-5A2E2D7D287C}"
EndProject
Project("{9A19103F-16F7-4668-BE54-9A1E7A4F7556}") = "PnPManager.Core", "PnPManager.Core\PnPManager.Core.csproj", "{5769C594-E9E2-4E15-B561-B6F380072C39}"
EndProject
Project("{9A19103F-16F7-4668-BE54-9A1E7A4F7556}") = "PnPManager.Core.Interfaces", "PnPManager.Core.Interfaces\PnPManager.Core.Interfaces.csproj", "{7F496CFF-741C-4AD2-9B0A-C7D09A9A77C5}"
EndProject
Project("{9A19103F-16F7-4668-BE54-9A1E7A4F7556}") = "PnPManager.Client", "PnPManager.Client\PnPManager.Client.csproj", "{BC10552E-D62F-4939-94E7-228F349F31F7}"
EndProject
Project("{9A19103F-16F7-4668-BE54-9A1E7A4F7556}") = "PnPManager.Structure", "PnPManager.Structure\PnPManager.Structure.csproj", "{C03D702B-32F9-4B13-9AD2-4F817CF4F2BD}"
EndProject
Project("{9A19103F-16F7-4668-BE54-9A1E7A4F7556}") = "PnPManager.Login", "PnPManager.Login\PnPManager.Login.csproj", "{B302F3EC-90CC-41AF-99E4-AA0E81182789}"
EndProject
Project("{9A19103F-16F7-4668-BE54-9A1E7A4F7556}") = "PnPManager.Elements", "PnPManager.Elements\PnPManager.Elements.csproj", "{7E2D2EA5-991F-419D-AF81-2F5B9AC88BAA}"
EndProject
Project("{9A19103F-16F7-4668-BE54-9A1E7A4F7556}") = "PnpManager.Elements.Interfaces", "PnpManager.Elements.Interfaces\PnpManager.Elements.Interfaces.csproj", "{2C16CCA3-B0D4-4D56-8979-6E8654804BA6}"
EndProject
Project("{2150E333-8FDC-42A3-9474-1A3956D46DE8}") = "Solution Items", "Solution Items", "{CCA305EB-8209-4E63-86B2-B84748831F34}"
	ProjectSection(SolutionItems) = preProject
		.editorconfig = .editorconfig
	EndProjectSection
EndProject
Project("{9A19103F-16F7-4668-BE54-9A1E7A4F7556}") = "PnPManager.Configuration", "PnPManager.Configuration\PnPManager.Configuration.csproj", "{F38F3AE0-4229-4534-BD68-2D41981D75CA}"
EndProject
Project("{9A19103F-16F7-4668-BE54-9A1E7A4F7556}") = "PnPManager.Client.Interfaces", "PnPManager.Client.Interfaces\PnPManager.Client.Interfaces.csproj", "{0B80CEB4-AF32-4B76-913E-B62A901354F2}"
EndProject
Project("{FAE04EC0-301F-11D3-BF4B-00C04F79EFBC}") = "PnPManager.Client.Home", "PnPManager.Client.Home\PnPManager.Client.Home.csproj", "{AE1E5249-D751-471E-A80F-BA0789F63D72}"
EndProject
Global
	GlobalSection(SolutionConfigurationPlatforms) = preSolution
		Debug|Any CPU = Debug|Any CPU
		Release|Any CPU = Release|Any CPU
	EndGlobalSection
	GlobalSection(ProjectConfigurationPlatforms) = postSolution
		{A54F4F67-0E88-43D9-B5F8-5A2E2D7D287C}.Debug|Any CPU.ActiveCfg = Debug|Any CPU
		{A54F4F67-0E88-43D9-B5F8-5A2E2D7D287C}.Debug|Any CPU.Build.0 = Debug|Any CPU
		{A54F4F67-0E88-43D9-B5F8-5A2E2D7D287C}.Release|Any CPU.ActiveCfg = Release|Any CPU
		{A54F4F67-0E88-43D9-B5F8-5A2E2D7D287C}.Release|Any CPU.Build.0 = Release|Any CPU
		{5769C594-E9E2-4E15-B561-B6F380072C39}.Debug|Any CPU.ActiveCfg = Debug|Any CPU
		{5769C594-E9E2-4E15-B561-B6F380072C39}.Debug|Any CPU.Build.0 = Debug|Any CPU
		{5769C594-E9E2-4E15-B561-B6F380072C39}.Release|Any CPU.ActiveCfg = Release|Any CPU
		{5769C594-E9E2-4E15-B561-B6F380072C39}.Release|Any CPU.Build.0 = Release|Any CPU
		{7F496CFF-741C-4AD2-9B0A-C7D09A9A77C5}.Debug|Any CPU.ActiveCfg = Debug|Any CPU
		{7F496CFF-741C-4AD2-9B0A-C7D09A9A77C5}.Debug|Any CPU.Build.0 = Debug|Any CPU
		{7F496CFF-741C-4AD2-9B0A-C7D09A9A77C5}.Release|Any CPU.ActiveCfg = Release|Any CPU
		{7F496CFF-741C-4AD2-9B0A-C7D09A9A77C5}.Release|Any CPU.Build.0 = Release|Any CPU
		{BC10552E-D62F-4939-94E7-228F349F31F7}.Debug|Any CPU.ActiveCfg = Debug|Any CPU
		{BC10552E-D62F-4939-94E7-228F349F31F7}.Debug|Any CPU.Build.0 = Debug|Any CPU
		{BC10552E-D62F-4939-94E7-228F349F31F7}.Release|Any CPU.ActiveCfg = Release|Any CPU
		{BC10552E-D62F-4939-94E7-228F349F31F7}.Release|Any CPU.Build.0 = Release|Any CPU
		{C03D702B-32F9-4B13-9AD2-4F817CF4F2BD}.Debug|Any CPU.ActiveCfg = Debug|Any CPU
		{C03D702B-32F9-4B13-9AD2-4F817CF4F2BD}.Debug|Any CPU.Build.0 = Debug|Any CPU
		{C03D702B-32F9-4B13-9AD2-4F817CF4F2BD}.Release|Any CPU.ActiveCfg = Release|Any CPU
		{C03D702B-32F9-4B13-9AD2-4F817CF4F2BD}.Release|Any CPU.Build.0 = Release|Any CPU
		{B302F3EC-90CC-41AF-99E4-AA0E81182789}.Debug|Any CPU.ActiveCfg = Debug|Any CPU
		{B302F3EC-90CC-41AF-99E4-AA0E81182789}.Debug|Any CPU.Build.0 = Debug|Any CPU
		{B302F3EC-90CC-41AF-99E4-AA0E81182789}.Release|Any CPU.ActiveCfg = Release|Any CPU
		{B302F3EC-90CC-41AF-99E4-AA0E81182789}.Release|Any CPU.Build.0 = Release|Any CPU
		{7E2D2EA5-991F-419D-AF81-2F5B9AC88BAA}.Debug|Any CPU.ActiveCfg = Debug|Any CPU
		{7E2D2EA5-991F-419D-AF81-2F5B9AC88BAA}.Debug|Any CPU.Build.0 = Debug|Any CPU
		{7E2D2EA5-991F-419D-AF81-2F5B9AC88BAA}.Release|Any CPU.ActiveCfg = Release|Any CPU
		{7E2D2EA5-991F-419D-AF81-2F5B9AC88BAA}.Release|Any CPU.Build.0 = Release|Any CPU
		{2C16CCA3-B0D4-4D56-8979-6E8654804BA6}.Debug|Any CPU.ActiveCfg = Debug|Any CPU
		{2C16CCA3-B0D4-4D56-8979-6E8654804BA6}.Debug|Any CPU.Build.0 = Debug|Any CPU
		{2C16CCA3-B0D4-4D56-8979-6E8654804BA6}.Release|Any CPU.ActiveCfg = Release|Any CPU
		{2C16CCA3-B0D4-4D56-8979-6E8654804BA6}.Release|Any CPU.Build.0 = Release|Any CPU
		{F38F3AE0-4229-4534-BD68-2D41981D75CA}.Debug|Any CPU.ActiveCfg = Debug|Any CPU
		{F38F3AE0-4229-4534-BD68-2D41981D75CA}.Debug|Any CPU.Build.0 = Debug|Any CPU
		{F38F3AE0-4229-4534-BD68-2D41981D75CA}.Release|Any CPU.ActiveCfg = Release|Any CPU
		{F38F3AE0-4229-4534-BD68-2D41981D75CA}.Release|Any CPU.Build.0 = Release|Any CPU
		{0B80CEB4-AF32-4B76-913E-B62A901354F2}.Debug|Any CPU.ActiveCfg = Debug|Any CPU
		{0B80CEB4-AF32-4B76-913E-B62A901354F2}.Debug|Any CPU.Build.0 = Debug|Any CPU
		{0B80CEB4-AF32-4B76-913E-B62A901354F2}.Release|Any CPU.ActiveCfg = Release|Any CPU
		{0B80CEB4-AF32-4B76-913E-B62A901354F2}.Release|Any CPU.Build.0 = Release|Any CPU
		{AE1E5249-D751-471E-A80F-BA0789F63D72}.Debug|Any CPU.ActiveCfg = Debug|Any CPU
		{AE1E5249-D751-471E-A80F-BA0789F63D72}.Debug|Any CPU.Build.0 = Debug|Any CPU
		{AE1E5249-D751-471E-A80F-BA0789F63D72}.Release|Any CPU.ActiveCfg = Release|Any CPU
		{AE1E5249-D751-471E-A80F-BA0789F63D72}.Release|Any CPU.Build.0 = Release|Any CPU
	EndGlobalSection
	GlobalSection(SolutionProperties) = preSolution
		HideSolutionNode = FALSE
	EndGlobalSection
	GlobalSection(ExtensibilityGlobals) = postSolution
		SolutionGuid = {EDEC8EB0-81CD-4DFA-A186-35BB43422AF8}
	EndGlobalSection
EndGlobal
